{
  "requires": true,
  "lockfileVersion": 1,
  "dependencies": {
    "pts": {
      "version": "0.6.1",
      "resolved": "https://registry.npmjs.org/pts/-/pts-0.6.1.tgz",
      "integrity": "sha512-mc7Ka2X2JfSbcuivE0tHB4Ja/C4YvDYVRu8djB/hxTabTq2FipuXKghfpD5KM2zjw24BDYx1Ct6QE1TNMyP2oA=="
    }
  }
}
